
Microsoft Visual Studio Solution File, Format Version 12.00
# Visual Studio 2013
VisualStudioVersion = 12.0.30501.0
MinimumVisualStudioVersion = 10.0.40219.1
Project("{FAE04EC0-301F-11D3-BF4B-00C04F79EFBC}") = "DependentBundles.Tests.Web", "DependentBundles.Tests.Web\DependentBundles.Tests.Web.csproj", "{947D060E-E6A5-4ADB-B3DB-E9C924F2F7B8}"
EndProject
Project("{FAE04EC0-301F-11D3-BF4B-00C04F79EFBC}") = "DependentBundles.Core", "DependentBundles.Core\DependentBundles.Core.csproj", "{197AB80A-F1E3-4D4E-B352-3CF3B34E73C5}"
EndProject
Project("{FAE04EC0-301F-11D3-BF4B-00C04F79EFBC}") = "DependentBundles.Tests", "DependentBundles.Tests\DependentBundles.Tests.csproj", "{EA9BAEF2-8FDC-4D4B-AB56-6DBBA882D79B}"
EndProject
Global
	GlobalSection(SolutionConfigurationPlatforms) = preSolution
		Debug|Any CPU = Debug|Any CPU
		Release|Any CPU = Release|Any CPU
	EndGlobalSection
	GlobalSection(ProjectConfigurationPlatforms) = postSolution
		{947D060E-E6A5-4ADB-B3DB-E9C924F2F7B8}.Debug|Any CPU.ActiveCfg = Debug|Any CPU
		{947D060E-E6A5-4ADB-B3DB-E9C924F2F7B8}.Debug|Any CPU.Build.0 = Debug|Any CPU
		{947D060E-E6A5-4ADB-B3DB-E9C924F2F7B8}.Release|Any CPU.ActiveCfg = Release|Any CPU
		{947D060E-E6A5-4ADB-B3DB-E9C924F2F7B8}.Release|Any CPU.Build.0 = Release|Any CPU
		{197AB80A-F1E3-4D4E-B352-3CF3B34E73C5}.Debug|Any CPU.ActiveCfg = Debug|Any CPU
		{197AB80A-F1E3-4D4E-B352-3CF3B34E73C5}.Debug|Any CPU.Build.0 = Debug|Any CPU
		{197AB80A-F1E3-4D4E-B352-3CF3B34E73C5}.Release|Any CPU.ActiveCfg = Release|Any CPU
		{197AB80A-F1E3-4D4E-B352-3CF3B34E73C5}.Release|Any CPU.Build.0 = Release|Any CPU
		{EA9BAEF2-8FDC-4D4B-AB56-6DBBA882D79B}.Debug|Any CPU.ActiveCfg = Debug|Any CPU
		{EA9BAEF2-8FDC-4D4B-AB56-6DBBA882D79B}.Debug|Any CPU.Build.0 = Debug|Any CPU
		{EA9BAEF2-8FDC-4D4B-AB56-6DBBA882D79B}.Release|Any CPU.ActiveCfg = Release|Any CPU
		{EA9BAEF2-8FDC-4D4B-AB56-6DBBA882D79B}.Release|Any CPU.Build.0 = Release|Any CPU
	EndGlobalSection
	GlobalSection(SolutionProperties) = preSolution
		HideSolutionNode = FALSE
	EndGlobalSection
EndGlobal
